
Microsoft Visual Studio Solution File, Format Version 12.00
# Visual Studio 15
VisualStudioVersion = 15.0.28307.271
MinimumVisualStudioVersion = 10.0.40219.1
Project("{FAE04EC0-301F-11D3-BF4B-00C04F79EFBC}") = "Data", "Data\Data.csproj", "{54C59288-8E94-4BB4-B25E-5796F49B2EED}"
EndProject
Project("{FAE04EC0-301F-11D3-BF4B-00C04F79EFBC}") = "Service", "Service\Service.csproj", "{E554E8B8-909A-46AA-9B8A-C52D873DDCC8}"
EndProject
Project("{FAE04EC0-301F-11D3-BF4B-00C04F79EFBC}") = "ServicePattern", "ServicePattern\ServicePattern.csproj", "{9E3ED8AA-1E63-418F-BDED-F29543429180}"
EndProject
Project("{FAE04EC0-301F-11D3-BF4B-00C04F79EFBC}") = "Domain", "Domain\Domain.csproj", "{AD093EEA-3F6D-4B22-BB6F-3EE7CEBEDFEB}"
EndProject
Project("{FAE04EC0-301F-11D3-BF4B-00C04F79EFBC}") = "Web", "Web\Web.csproj", "{45613813-99D8-4815-820B-C26FFD1FC8FA}"
EndProject
Global
	GlobalSection(SolutionConfigurationPlatforms) = preSolution
		Debug|Any CPU = Debug|Any CPU
		Release|Any CPU = Release|Any CPU
	EndGlobalSection
	GlobalSection(ProjectConfigurationPlatforms) = postSolution
		{54C59288-8E94-4BB4-B25E-5796F49B2EED}.Debug|Any CPU.ActiveCfg = Debug|Any CPU
		{54C59288-8E94-4BB4-B25E-5796F49B2EED}.Debug|Any CPU.Build.0 = Debug|Any CPU
		{54C59288-8E94-4BB4-B25E-5796F49B2EED}.Release|Any CPU.ActiveCfg = Release|Any CPU
		{54C59288-8E94-4BB4-B25E-5796F49B2EED}.Release|Any CPU.Build.0 = Release|Any CPU
		{E554E8B8-909A-46AA-9B8A-C52D873DDCC8}.Debug|Any CPU.ActiveCfg = Debug|Any CPU
		{E554E8B8-909A-46AA-9B8A-C52D873DDCC8}.Debug|Any CPU.Build.0 = Debug|Any CPU
		{E554E8B8-909A-46AA-9B8A-C52D873DDCC8}.Release|Any CPU.ActiveCfg = Release|Any CPU
		{E554E8B8-909A-46AA-9B8A-C52D873DDCC8}.Release|Any CPU.Build.0 = Release|Any CPU
		{9E3ED8AA-1E63-418F-BDED-F29543429180}.Debug|Any CPU.ActiveCfg = Debug|Any CPU
		{9E3ED8AA-1E63-418F-BDED-F29543429180}.Debug|Any CPU.Build.0 = Debug|Any CPU
		{9E3ED8AA-1E63-418F-BDED-F29543429180}.Release|Any CPU.ActiveCfg = Release|Any CPU
		{9E3ED8AA-1E63-418F-BDED-F29543429180}.Release|Any CPU.Build.0 = Release|Any CPU
		{AD093EEA-3F6D-4B22-BB6F-3EE7CEBEDFEB}.Debug|Any CPU.ActiveCfg = Debug|Any CPU
		{AD093EEA-3F6D-4B22-BB6F-3EE7CEBEDFEB}.Debug|Any CPU.Build.0 = Debug|Any CPU
		{AD093EEA-3F6D-4B22-BB6F-3EE7CEBEDFEB}.Release|Any CPU.ActiveCfg = Release|Any CPU
		{AD093EEA-3F6D-4B22-BB6F-3EE7CEBEDFEB}.Release|Any CPU.Build.0 = Release|Any CPU
		{45613813-99D8-4815-820B-C26FFD1FC8FA}.Debug|Any CPU.ActiveCfg = Debug|Any CPU
		{45613813-99D8-4815-820B-C26FFD1FC8FA}.Debug|Any CPU.Build.0 = Debug|Any CPU
		{45613813-99D8-4815-820B-C26FFD1FC8FA}.Release|Any CPU.ActiveCfg = Release|Any CPU
		{45613813-99D8-4815-820B-C26FFD1FC8FA}.Release|Any CPU.Build.0 = Release|Any CPU
	EndGlobalSection
	GlobalSection(SolutionProperties) = preSolution
		HideSolutionNode = FALSE
	EndGlobalSection
	GlobalSection(ExtensibilityGlobals) = postSolution
		SolutionGuid = {555F5623-F46E-4A44-AF93-69A6C6E7434A}
	EndGlobalSection
EndGlobal
